// !$*UTF8*$!
{
	archiveVersion = 1;
	classes = {
	};
	objectVersion = 55;
	objects = {

/* Begin PBXBuildFile section */
		A0949DDD280E872C00460EF1 /* Weather_SwiftUIApp.swift in Sources */ = {isa = PBXBuildFile; fileRef = A0949DDC280E872C00460EF1 /* Weather_SwiftUIApp.swift */; };
		A0949DDF280E872C00460EF1 /* ContentView.swift in Sources */ = {isa = PBXBuildFile; fileRef = A0949DDE280E872C00460EF1 /* ContentView.swift */; };
		A0949DE1280E872E00460EF1 /* Assets.xcassets in Resources */ = {isa = PBXBuildFile; fileRef = A0949DE0280E872E00460EF1 /* Assets.xcassets */; };
		A0949DE4280E872E00460EF1 /* Preview Assets.xcassets in Resources */ = {isa = PBXBuildFile; fileRef = A0949DE3280E872E00460EF1 /* Preview Assets.xcassets */; };
		A0949DEB280E87E000460EF1 /* Formatter+.swift in Sources */ = {isa = PBXBuildFile; fileRef = A0949DEA280E87E000460EF1 /* Formatter+.swift */; };
		A0949DED280E880D00460EF1 /* Array+.swift in Sources */ = {isa = PBXBuildFile; fileRef = A0949DEC280E880D00460EF1 /* Array+.swift */; };
		A0949DEF280E883000460EF1 /* MapView.swift in Sources */ = {isa = PBXBuildFile; fileRef = A0949DEE280E883000460EF1 /* MapView.swift */; };
		A0949DF3280E896700460EF1 /* WeeklyWeatherView.swift in Sources */ = {isa = PBXBuildFile; fileRef = A0949DF2280E896700460EF1 /* WeeklyWeatherView.swift */; };
		A0949DF5280E8A2F00460EF1 /* WeeklyWeatherViewModel.swift in Sources */ = {isa = PBXBuildFile; fileRef = A0949DF4280E8A2F00460EF1 /* WeeklyWeatherViewModel.swift */; };
		A0949DF7280E8A4B00460EF1 /* WeeklyWeatherBuilder.swift in Sources */ = {isa = PBXBuildFile; fileRef = A0949DF6280E8A4B00460EF1 /* WeeklyWeatherBuilder.swift */; };
		A0949DF9280E8A5F00460EF1 /* DailyWeatherRow.swift in Sources */ = {isa = PBXBuildFile; fileRef = A0949DF8280E8A5F00460EF1 /* DailyWeatherRow.swift */; };
		A0949DFB280E8A6E00460EF1 /* DailyWeatherRowViewModel.swift in Sources */ = {isa = PBXBuildFile; fileRef = A0949DFA280E8A6E00460EF1 /* DailyWeatherRowViewModel.swift */; };
		A0949DFE280E8A8C00460EF1 /* CurrentWeatherView.swift in Sources */ = {isa = PBXBuildFile; fileRef = A0949DFD280E8A8C00460EF1 /* CurrentWeatherView.swift */; };
		A0949E00280E8A9900460EF1 /* CurrentWeatherViewModel.swift in Sources */ = {isa = PBXBuildFile; fileRef = A0949DFF280E8A9900460EF1 /* CurrentWeatherViewModel.swift */; };
		A0949E02280E8AA300460EF1 /* CurrentWeatherRow.swift in Sources */ = {isa = PBXBuildFile; fileRef = A0949E01280E8AA300460EF1 /* CurrentWeatherRow.swift */; };
		A0949E04280E8AAC00460EF1 /* CurrentWeatherRowViewModel.swift in Sources */ = {isa = PBXBuildFile; fileRef = A0949E03280E8AAC00460EF1 /* CurrentWeatherRowViewModel.swift */; };
		A0949E07280E8AE300460EF1 /* OpenWeatherMapAPI.swift in Sources */ = {isa = PBXBuildFile; fileRef = A0949E06280E8AE300460EF1 /* OpenWeatherMapAPI.swift */; };
		A0949E0A280E8AFD00460EF1 /* WeatherManager.swift in Sources */ = {isa = PBXBuildFile; fileRef = A0949E09280E8AFD00460EF1 /* WeatherManager.swift */; };
		A0949E0C280E8B0400460EF1 /* WeatherError.swift in Sources */ = {isa = PBXBuildFile; fileRef = A0949E0B280E8B0400460EF1 /* WeatherError.swift */; };
/* End PBXBuildFile section */

/* Begin PBXFileReference section */
		A0949DD9280E872C00460EF1 /* Weather_SwiftUI.app */ = {isa = PBXFileReference; explicitFileType = wrapper.application; includeInIndex = 0; path = Weather_SwiftUI.app; sourceTree = BUILT_PRODUCTS_DIR; };
		A0949DDC280E872C00460EF1 /* Weather_SwiftUIApp.swift */ = {isa = PBXFileReference; lastKnownFileType = sourcecode.swift; path = Weather_SwiftUIApp.swift; sourceTree = "<group>"; };
		A0949DDE280E872C00460EF1 /* ContentView.swift */ = {isa = PBXFileReference; lastKnownFileType = sourcecode.swift; path = ContentView.swift; sourceTree = "<group>"; };
		A0949DE0280E872E00460EF1 /* Assets.xcassets */ = {isa = PBXFileReference; lastKnownFileType = folder.assetcatalog; path = Assets.xcassets; sourceTree = "<group>"; };
		A0949DE3280E872E00460EF1 /* Preview Assets.xcassets */ = {isa = PBXFileReference; lastKnownFileType = folder.assetcatalog; path = "Preview Assets.xcassets"; sourceTree = "<group>"; };
		A0949DEA280E87E000460EF1 /* Formatter+.swift */ = {isa = PBXFileReference; lastKnownFileType = sourcecode.swift; path = "Formatter+.swift"; sourceTree = "<group>"; };
		A0949DEC280E880D00460EF1 /* Array+.swift */ = {isa = PBXFileReference; lastKnownFileType = sourcecode.swift; path = "Array+.swift"; sourceTree = "<group>"; };
		A0949DEE280E883000460EF1 /* MapView.swift */ = {isa = PBXFileReference; lastKnownFileType = sourcecode.swift; path = MapView.swift; sourceTree = "<group>"; };
		A0949DF2280E896700460EF1 /* WeeklyWeatherView.swift */ = {isa = PBXFileReference; lastKnownFileType = sourcecode.swift; path = WeeklyWeatherView.swift; sourceTree = "<group>"; };
		A0949DF4280E8A2F00460EF1 /* WeeklyWeatherViewModel.swift */ = {isa = PBXFileReference; lastKnownFileType = sourcecode.swift; path = WeeklyWeatherViewModel.swift; sourceTree = "<group>"; };
		A0949DF6280E8A4B00460EF1 /* WeeklyWeatherBuilder.swift */ = {isa = PBXFileReference; lastKnownFileType = sourcecode.swift; path = WeeklyWeatherBuilder.swift; sourceTree = "<group>"; };
		A0949DF8280E8A5F00460EF1 /* DailyWeatherRow.swift */ = {isa = PBXFileReference; lastKnownFileType = sourcecode.swift; path = DailyWeatherRow.swift; sourceTree = "<group>"; };
		A0949DFA280E8A6E00460EF1 /* DailyWeatherRowViewModel.swift */ = {isa = PBXFileReference; lastKnownFileType = sourcecode.swift; path = DailyWeatherRowViewModel.swift; sourceTree = "<group>"; };
		A0949DFD280E8A8C00460EF1 /* CurrentWeatherView.swift */ = {isa = PBXFileReference; lastKnownFileType = sourcecode.swift; path = CurrentWeatherView.swift; sourceTree = "<group>"; };
		A0949DFF280E8A9900460EF1 /* CurrentWeatherViewModel.swift */ = {isa = PBXFileReference; lastKnownFileType = sourcecode.swift; path = CurrentWeatherViewModel.swift; sourceTree = "<group>"; };
		A0949E01280E8AA300460EF1 /* CurrentWeatherRow.swift */ = {isa = PBXFileReference; lastKnownFileType = sourcecode.swift; path = CurrentWeatherRow.swift; sourceTree = "<group>"; };
		A0949E03280E8AAC00460EF1 /* CurrentWeatherRowViewModel.swift */ = {isa = PBXFileReference; lastKnownFileType = sourcecode.swift; path = CurrentWeatherRowViewModel.swift; sourceTree = "<group>"; };
		A0949E06280E8AE300460EF1 /* OpenWeatherMapAPI.swift */ = {isa = PBXFileReference; lastKnownFileType = sourcecode.swift; path = OpenWeatherMapAPI.swift; sourceTree = "<group>"; };
		A0949E09280E8AFD00460EF1 /* WeatherManager.swift */ = {isa = PBXFileReference; lastKnownFileType = sourcecode.swift; path = WeatherManager.swift; sourceTree = "<group>"; };
		A0949E0B280E8B0400460EF1 /* WeatherError.swift */ = {isa = PBXFileReference; lastKnownFileType = sourcecode.swift; path = WeatherError.swift; sourceTree = "<group>"; };
/* End PBXFileReference section */

/* Begin PBXFrameworksBuildPhase section */
		A0949DD6280E872C00460EF1 /* Frameworks */ = {
			isa = PBXFrameworksBuildPhase;
			buildActionMask = 2147483647;
			files = (
			);
			runOnlyForDeploymentPostprocessing = 0;
		};
/* End PBXFrameworksBuildPhase section */

/* Begin PBXGroup section */
		A0949DD0280E872C00460EF1 = {
			isa = PBXGroup;
			children = (
				A0949DDB280E872C00460EF1 /* Weather_SwiftUI */,
				A0949DDA280E872C00460EF1 /* Products */,
			);
			sourceTree = "<group>";
		};
		A0949DDA280E872C00460EF1 /* Products */ = {
			isa = PBXGroup;
			children = (
				A0949DD9280E872C00460EF1 /* Weather_SwiftUI.app */,
			);
			name = Products;
			sourceTree = "<group>";
		};
		A0949DDB280E872C00460EF1 /* Weather_SwiftUI */ = {
			isa = PBXGroup;
			children = (
				A0949DDC280E872C00460EF1 /* Weather_SwiftUIApp.swift */,
				A0949DF1280E894300460EF1 /* Scene */,
				A0949E08280E8AE800460EF1 /* Network */,
				A0949DF0280E891C00460EF1 /* Extension */,
				A0949DE0280E872E00460EF1 /* Assets.xcassets */,
				A0949DE2280E872E00460EF1 /* Preview Content */,
			);
			path = Weather_SwiftUI;
			sourceTree = "<group>";
		};
		A0949DE2280E872E00460EF1 /* Preview Content */ = {
			isa = PBXGroup;
			children = (
				A0949DE3280E872E00460EF1 /* Preview Assets.xcassets */,
			);
			path = "Preview Content";
			sourceTree = "<group>";
		};
		A0949DF0280E891C00460EF1 /* Extension */ = {
			isa = PBXGroup;
			children = (
				A0949DEA280E87E000460EF1 /* Formatter+.swift */,
				A0949DEC280E880D00460EF1 /* Array+.swift */,
				A0949DEE280E883000460EF1 /* MapView.swift */,
			);
			path = Extension;
			sourceTree = "<group>";
		};
		A0949DF1280E894300460EF1 /* Scene */ = {
			isa = PBXGroup;
			children = (
				A0949DDE280E872C00460EF1 /* ContentView.swift */,
				A0949DFC280E8A7400460EF1 /* Weekly */,
			);
			path = Scene;
			sourceTree = "<group>";
		};
		A0949DFC280E8A7400460EF1 /* Weekly */ = {
			isa = PBXGroup;
			children = (
				A0949DF2280E896700460EF1 /* WeeklyWeatherView.swift */,
				A0949DF4280E8A2F00460EF1 /* WeeklyWeatherViewModel.swift */,
				A0949DF6280E8A4B00460EF1 /* WeeklyWeatherBuilder.swift */,
				A0949DF8280E8A5F00460EF1 /* DailyWeatherRow.swift */,
				A0949DFA280E8A6E00460EF1 /* DailyWeatherRowViewModel.swift */,
				A0949E05280E8AB100460EF1 /* Current */,
			);
			path = Weekly;
			sourceTree = "<group>";
		};
		A0949E05280E8AB100460EF1 /* Current */ = {
			isa = PBXGroup;
			children = (
				A0949DFD280E8A8C00460EF1 /* CurrentWeatherView.swift */,
				A0949DFF280E8A9900460EF1 /* CurrentWeatherViewModel.swift */,
				A0949E01280E8AA300460EF1 /* CurrentWeatherRow.swift */,
				A0949E03280E8AAC00460EF1 /* CurrentWeatherRowViewModel.swift */,
			);
			path = Current;
			sourceTree = "<group>";
		};
		A0949E08280E8AE800460EF1 /* Network */ = {
			isa = PBXGroup;
			children = (
				A0949E06280E8AE300460EF1 /* OpenWeatherMapAPI.swift */,
				A0949E09280E8AFD00460EF1 /* WeatherManager.swift */,
				A0949E0B280E8B0400460EF1 /* WeatherError.swift */,
			);
			path = Network;
			sourceTree = "<group>";
		};
/* End PBXGroup section */

/* Begin PBXNativeTarget section */
		A0949DD8280E872C00460EF1 /* Weather_SwiftUI */ = {
			isa = PBXNativeTarget;
			buildConfigurationList = A0949DE7280E872E00460EF1 /* Build configuration list for PBXNativeTarget "Weather_SwiftUI" */;
			buildPhases = (
				A0949DD5280E872C00460EF1 /* Sources */,
				A0949DD6280E872C00460EF1 /* Frameworks */,
				A0949DD7280E872C00460EF1 /* Resources */,
			);
			buildRules = (
			);
			dependencies = (
			);
			name = Weather_SwiftUI;
			productName = Weather_SwiftUI;
			productReference = A0949DD9280E872C00460EF1 /* Weather_SwiftUI.app */;
			productType = "com.apple.product-type.application";
		};
/* End PBXNativeTarget section */

/* Begin PBXProject section */
		A0949DD1280E872C00460EF1 /* Project object */ = {
			isa = PBXProject;
			attributes = {
				BuildIndependentTargetsInParallel = 1;
				LastSwiftUpdateCheck = 1330;
				LastUpgradeCheck = 1330;
				TargetAttributes = {
					A0949DD8280E872C00460EF1 = {
						CreatedOnToolsVersion = 13.3.1;
					};
				};
			};
			buildConfigurationList = A0949DD4280E872C00460EF1 /* Build configuration list for PBXProject "Weather_SwiftUI" */;
			compatibilityVersion = "Xcode 13.0";
			developmentRegion = en;
			hasScannedForEncodings = 0;
			knownRegions = (
				en,
				Base,
			);
			mainGroup = A0949DD0280E872C00460EF1;
			productRefGroup = A0949DDA280E872C00460EF1 /* Products */;
			projectDirPath = "";
			projectRoot = "";
			targets = (
				A0949DD8280E872C00460EF1 /* Weather_SwiftUI */,
			);
		};
/* End PBXProject section */

/* Begin PBXResourcesBuildPhase section */
		A0949DD7280E872C00460EF1 /* Resources */ = {
			isa = PBXResourcesBuildPhase;
			buildActionMask = 2147483647;
			files = (
				A0949DE4280E872E00460EF1 /* Preview Assets.xcassets in Resources */,
				A0949DE1280E872E00460EF1 /* Assets.xcassets in Resources */,
			);
			runOnlyForDeploymentPostprocessing = 0;
		};
/* End PBXResourcesBuildPhase section */

/* Begin PBXSourcesBuildPhase section */
		A0949DD5280E872C00460EF1 /* Sources */ = {
			isa = PBXSourcesBuildPhase;
			buildActionMask = 2147483647;
			files = (
				A0949DDF280E872C00460EF1 /* ContentView.swift in Sources */,
				A0949DED280E880D00460EF1 /* Array+.swift in Sources */,
				A0949DEF280E883000460EF1 /* MapView.swift in Sources */,
				A0949DF5280E8A2F00460EF1 /* WeeklyWeatherViewModel.swift in Sources */,
				A0949E0A280E8AFD00460EF1 /* WeatherManager.swift in Sources */,
				A0949DDD280E872C00460EF1 /* Weather_SwiftUIApp.swift in Sources */,
				A0949E0C280E8B0400460EF1 /* WeatherError.swift in Sources */,
				A0949DFE280E8A8C00460EF1 /* CurrentWeatherView.swift in Sources */,
				A0949DF7280E8A4B00460EF1 /* WeeklyWeatherBuilder.swift in Sources */,
				A0949DFB280E8A6E00460EF1 /* DailyWeatherRowViewModel.swift in Sources */,
				A0949E04280E8AAC00460EF1 /* CurrentWeatherRowViewModel.swift in Sources */,
				A0949DF3280E896700460EF1 /* WeeklyWeatherView.swift in Sources */,
				A0949E02280E8AA300460EF1 /* CurrentWeatherRow.swift in Sources */,
				A0949E07280E8AE300460EF1 /* OpenWeatherMapAPI.swift in Sources */,
				A0949DEB280E87E000460EF1 /* Formatter+.swift in Sources */,
				A0949DF9280E8A5F00460EF1 /* DailyWeatherRow.swift in Sources */,
				A0949E00280E8A9900460EF1 /* CurrentWeatherViewModel.swift in Sources */,
			);
			runOnlyForDeploymentPostprocessing = 0;
		};
/* End PBXSourcesBuildPhase section */

/* Begin XCBuildConfiguration section */
		A0949DE5280E872E00460EF1 /* Debug */ = {
			isa = XCBuildConfiguration;
			buildSettings = {
				ALWAYS_SEARCH_USER_PATHS = NO;
				CLANG_ANALYZER_NONNULL = YES;
				CLANG_ANALYZER_NUMBER_OBJECT_CONVERSION = YES_AGGRESSIVE;
				CLANG_CXX_LANGUAGE_STANDARD = "gnu++17";
				CLANG_ENABLE_MODULES = YES;
				CLANG_ENABLE_OBJC_ARC = YES;
				CLANG_ENABLE_OBJC_WEAK = YES;
				CLANG_WARN_BLOCK_CAPTURE_AUTORELEASING = YES;
				CLANG_WARN_BOOL_CONVERSION = YES;
				CLANG_WARN_COMMA = YES;
				CLANG_WARN_CONSTANT_CONVERSION = YES;
				CLANG_WARN_DEPRECATED_OBJC_IMPLEMENTATIONS = YES;
				CLANG_WARN_DIRECT_OBJC_ISA_USAGE = YES_ERROR;
				CLANG_WARN_DOCUMENTATION_COMMENTS = YES;
				CLANG_WARN_EMPTY_BODY = YES;
				CLANG_WARN_ENUM_CONVERSION = YES;
				CLANG_WARN_INFINITE_RECURSION = YES;
				CLANG_WARN_INT_CONVERSION = YES;
				CLANG_WARN_NON_LITERAL_NULL_CONVERSION = YES;
				CLANG_WARN_OBJC_IMPLICIT_RETAIN_SELF = YES;
				CLANG_WARN_OBJC_LITERAL_CONVERSION = YES;
				CLANG_WARN_OBJC_ROOT_CLASS = YES_ERROR;
				CLANG_WARN_QUOTED_INCLUDE_IN_FRAMEWORK_HEADER = YES;
				CLANG_WARN_RANGE_LOOP_ANALYSIS = YES;
				CLANG_WARN_STRICT_PROTOTYPES = YES;
				CLANG_WARN_SUSPICIOUS_MOVE = YES;
				CLANG_WARN_UNGUARDED_AVAILABILITY = YES_AGGRESSIVE;
				CLANG_WARN_UNREACHABLE_CODE = YES;
				CLANG_WARN__DUPLICATE_METHOD_MATCH = YES;
				COPY_PHASE_STRIP = NO;
				DEBUG_INFORMATION_FORMAT = dwarf;
				ENABLE_STRICT_OBJC_MSGSEND = YES;
				ENABLE_TESTABILITY = YES;
				GCC_C_LANGUAGE_STANDARD = gnu11;
				GCC_DYNAMIC_NO_PIC = NO;
				GCC_NO_COMMON_BLOCKS = YES;
				GCC_OPTIMIZATION_LEVEL = 0;
				GCC_PREPROCESSOR_DEFINITIONS = (
					"DEBUG=1",
					"$(inherited)",
				);
				GCC_WARN_64_TO_32_BIT_CONVERSION = YES;
				GCC_WARN_ABOUT_RETURN_TYPE = YES_ERROR;
				GCC_WARN_UNDECLARED_SELECTOR = YES;
				GCC_WARN_UNINITIALIZED_AUTOS = YES_AGGRESSIVE;
				GCC_WARN_UNUSED_FUNCTION = YES;
				GCC_WARN_UNUSED_VARIABLE = YES;
				IPHONEOS_DEPLOYMENT_TARGET = 15.4;
				MTL_ENABLE_DEBUG_INFO = INCLUDE_SOURCE;
				MTL_FAST_MATH = YES;
				ONLY_ACTIVE_ARCH = YES;
				SDKROOT = iphoneos;
				SWIFT_ACTIVE_COMPILATION_CONDITIONS = DEBUG;
				SWIFT_OPTIMIZATION_LEVEL = "-Onone";
			};
			name = Debug;
		};
		A0949DE6280E872E00460EF1 /* Release */ = {
			isa = XCBuildConfiguration;
			buildSettings = {
				ALWAYS_SEARCH_USER_PATHS = NO;
				CLANG_ANALYZER_NONNULL = YES;
				CLANG_ANALYZER_NUMBER_OBJECT_CONVERSION = YES_AGGRESSIVE;
				CLANG_CXX_LANGUAGE_STANDARD = "gnu++17";
				CLANG_ENABLE_MODULES = YES;
				CLANG_ENABLE_OBJC_ARC = YES;
				CLANG_ENABLE_OBJC_WEAK = YES;
				CLANG_WARN_BLOCK_CAPTURE_AUTORELEASING = YES;
				CLANG_WARN_BOOL_CONVERSION = YES;
				CLANG_WARN_COMMA = YES;
				CLANG_WARN_CONSTANT_CONVERSION = YES;
				CLANG_WARN_DEPRECATED_OBJC_IMPLEMENTATIONS = YES;
				CLANG_WARN_DIRECT_OBJC_ISA_USAGE = YES_ERROR;
				CLANG_WARN_DOCUMENTATION_COMMENTS = YES;
				CLANG_WARN_EMPTY_BODY = YES;
				CLANG_WARN_ENUM_CONVERSION = YES;
				CLANG_WARN_INFINITE_RECURSION = YES;
				CLANG_WARN_INT_CONVERSION = YES;
				CLANG_WARN_NON_LITERAL_NULL_CONVERSION = YES;
				CLANG_WARN_OBJC_IMPLICIT_RETAIN_SELF = YES;
				CLANG_WARN_OBJC_LITERAL_CONVERSION = YES;
				CLANG_WARN_OBJC_ROOT_CLASS = YES_ERROR;
				CLANG_WARN_QUOTED_INCLUDE_IN_FRAMEWORK_HEADER = YES;
				CLANG_WARN_RANGE_LOOP_ANALYSIS = YES;
				CLANG_WARN_STRICT_PROTOTYPES = YES;
				CLANG_WARN_SUSPICIOUS_MOVE = YES;
				CLANG_WARN_UNGUARDED_AVAILABILITY = YES_AGGRESSIVE;
				CLANG_WARN_UNREACHABLE_CODE = YES;
				CLANG_WARN__DUPLICATE_METHOD_MATCH = YES;
				COPY_PHASE_STRIP = NO;
				DEBUG_INFORMATION_FORMAT = "dwarf-with-dsym";
				ENABLE_NS_ASSERTIONS = NO;
				ENABLE_STRICT_OBJC_MSGSEND = YES;
				GCC_C_LANGUAGE_STANDARD = gnu11;
				GCC_NO_COMMON_BLOCKS = YES;
				GCC_WARN_64_TO_32_BIT_CONVERSION = YES;
				GCC_WARN_ABOUT_RETURN_TYPE = YES_ERROR;
				GCC_WARN_UNDECLARED_SELECTOR = YES;
				GCC_WARN_UNINITIALIZED_AUTOS = YES_AGGRESSIVE;
				GCC_WARN_UNUSED_FUNCTION = YES;
				GCC_WARN_UNUSED_VARIABLE = YES;
				IPHONEOS_DEPLOYMENT_TARGET = 15.4;
				MTL_ENABLE_DEBUG_INFO = NO;
				MTL_FAST_MATH = YES;
				SDKROOT = iphoneos;
				SWIFT_COMPILATION_MODE = wholemodule;
				SWIFT_OPTIMIZATION_LEVEL = "-O";
				VALIDATE_PRODUCT = YES;
			};
			name = Release;
		};
		A0949DE8280E872E00460EF1 /* Debug */ = {
			isa = XCBuildConfiguration;
			buildSettings = {
				ASSETCATALOG_COMPILER_APPICON_NAME = AppIcon;
				ASSETCATALOG_COMPILER_GLOBAL_ACCENT_COLOR_NAME = AccentColor;
				CODE_SIGN_STYLE = Automatic;
				CURRENT_PROJECT_VERSION = 1;
				DEVELOPMENT_ASSET_PATHS = "\"Weather_SwiftUI/Preview Content\"";
				DEVELOPMENT_TEAM = HM9J3DG5MT;
				ENABLE_PREVIEWS = YES;
				GENERATE_INFOPLIST_FILE = YES;
				INFOPLIST_KEY_UIApplicationSceneManifest_Generation = YES;
				INFOPLIST_KEY_UIApplicationSupportsIndirectInputEvents = YES;
				INFOPLIST_KEY_UILaunchScreen_Generation = YES;
				INFOPLIST_KEY_UISupportedInterfaceOrientations_iPad = "UIInterfaceOrientationPortrait UIInterfaceOrientationPortraitUpsideDown UIInterfaceOrientationLandscapeLeft UIInterfaceOrientationLandscapeRight";
				INFOPLIST_KEY_UISupportedInterfaceOrientations_iPhone = "UIInterfaceOrientationPortrait UIInterfaceOrientationLandscapeLeft UIInterfaceOrientationLandscapeRight";
				LD_RUNPATH_SEARCH_PATHS = (
					"$(inherited)",
					"@executable_path/Frameworks",
				);
				MARKETING_VERSION = 1.0;
				PRODUCT_BUNDLE_IDENTIFIER = "com.soduma.Weather-SwiftUI";
				PRODUCT_NAME = "$(TARGET_NAME)";
				SWIFT_EMIT_LOC_STRINGS = YES;
				SWIFT_VERSION = 5.0;
				TARGETED_DEVICE_FAMILY = "1,2";
			};
			name = Debug;
		};
		A0949DE9280E872E00460EF1 /* Release */ = {
			isa = XCBuildConfiguration;
			buildSettings = {
				ASSETCATALOG_COMPILER_APPICON_NAME = AppIcon;
				ASSETCATALOG_COMPILER_GLOBAL_ACCENT_COLOR_NAME = AccentColor;
				CODE_SIGN_STYLE = Automatic;
				CURRENT_PROJECT_VERSION = 1;
				DEVELOPMENT_ASSET_PATHS = "\"Weather_SwiftUI/Preview Content\"";
				DEVELOPMENT_TEAM = HM9J3DG5MT;
				ENABLE_PREVIEWS = YES;
				GENERATE_INFOPLIST_FILE = YES;
				INFOPLIST_KEY_UIApplicationSceneManifest_Generation = YES;
				INFOPLIST_KEY_UIApplicationSupportsIndirectInputEvents = YES;
				INFOPLIST_KEY_UILaunchScreen_Generation = YES;
				INFOPLIST_KEY_UISupportedInterfaceOrientations_iPad = "UIInterfaceOrientationPortrait UIInterfaceOrientationPortraitUpsideDown UIInterfaceOrientationLandscapeLeft UIInterfaceOrientationLandscapeRight";
				INFOPLIST_KEY_UISupportedInterfaceOrientations_iPhone = "UIInterfaceOrientationPortrait UIInterfaceOrientationLandscapeLeft UIInterfaceOrientationLandscapeRight";
				LD_RUNPATH_SEARCH_PATHS = (
					"$(inherited)",
					"@executable_path/Frameworks",
				);
				MARKETING_VERSION = 1.0;
				PRODUCT_BUNDLE_IDENTIFIER = "com.soduma.Weather-SwiftUI";
				PRODUCT_NAME = "$(TARGET_NAME)";
				SWIFT_EMIT_LOC_STRINGS = YES;
				SWIFT_VERSION = 5.0;
				TARGETED_DEVICE_FAMILY = "1,2";
			};
			name = Release;
		};
/* End XCBuildConfiguration section */

/* Begin XCConfigurationList section */
		A0949DD4280E872C00460EF1 /* Build configuration list for PBXProject "Weather_SwiftUI" */ = {
			isa = XCConfigurationList;
			buildConfigurations = (
				A0949DE5280E872E00460EF1 /* Debug */,
				A0949DE6280E872E00460EF1 /* Release */,
			);
			defaultConfigurationIsVisible = 0;
			defaultConfigurationName = Release;
		};
		A0949DE7280E872E00460EF1 /* Build configuration list for PBXNativeTarget "Weather_SwiftUI" */ = {
			isa = XCConfigurationList;
			buildConfigurations = (
				A0949DE8280E872E00460EF1 /* Debug */,
				A0949DE9280E872E00460EF1 /* Release */,
			);
			defaultConfigurationIsVisible = 0;
			defaultConfigurationName = Release;
		};
/* End XCConfigurationList section */
	};
	rootObject = A0949DD1280E872C00460EF1 /* Project object */;
}
